
Microsoft Visual Studio Solution File, Format Version 12.00
# Visual Studio Version 17
VisualStudioVersion = 17.7.34031.279
MinimumVisualStudioVersion = 10.0.40219.1
Project("{FAE04EC0-301F-11D3-BF4B-00C04F79EFBC}") = "ProjCp1", "ProjCp1\ProjCp1.csproj", "{129CD012-E582-4F92-A28E-4BEF99644389}"
EndProject
Global
	GlobalSection(SolutionConfigurationPlatforms) = preSolution
		Debug|Any CPU = Debug|Any CPU
		Release|Any CPU = Release|Any CPU
	EndGlobalSection
	GlobalSection(ProjectConfigurationPlatforms) = postSolution
		{129CD012-E582-4F92-A28E-4BEF99644389}.Debug|Any CPU.ActiveCfg = Debug|Any CPU
		{129CD012-E582-4F92-A28E-4BEF99644389}.Debug|Any CPU.Build.0 = Debug|Any CPU
		{129CD012-E582-4F92-A28E-4BEF99644389}.Release|Any CPU.ActiveCfg = Release|Any CPU
		{129CD012-E582-4F92-A28E-4BEF99644389}.Release|Any CPU.Build.0 = Release|Any CPU
	EndGlobalSection
	GlobalSection(SolutionProperties) = preSolution
		HideSolutionNode = FALSE
	EndGlobalSection
	GlobalSection(ExtensibilityGlobals) = postSolution
		SolutionGuid = {9598EFF0-8D08-4A0F-A6CF-C221BDD88E6C}
	EndGlobalSection
EndGlobal
